
Microsoft Visual Studio Solution File, Format Version 12.00
# Visual Studio Version 16
VisualStudioVersion = 16.0.29215.179
MinimumVisualStudioVersion = 10.0.40219.1
Project("{FAE04EC0-301F-11D3-BF4B-00C04F79EFBC}") = "1.2_Crypto", "1.2_Crypto\1.2_Crypto.csproj", "{B2D58560-D558-4F0E-8038-CE3629447878}"
EndProject
Global
	GlobalSection(SolutionConfigurationPlatforms) = preSolution
		Debug|Any CPU = Debug|Any CPU
		Release|Any CPU = Release|Any CPU
	EndGlobalSection
	GlobalSection(ProjectConfigurationPlatforms) = postSolution
		{B2D58560-D558-4F0E-8038-CE3629447878}.Debug|Any CPU.ActiveCfg = Debug|Any CPU
		{B2D58560-D558-4F0E-8038-CE3629447878}.Debug|Any CPU.Build.0 = Debug|Any CPU
		{B2D58560-D558-4F0E-8038-CE3629447878}.Release|Any CPU.ActiveCfg = Release|Any CPU
		{B2D58560-D558-4F0E-8038-CE3629447878}.Release|Any CPU.Build.0 = Release|Any CPU
	EndGlobalSection
	GlobalSection(SolutionProperties) = preSolution
		HideSolutionNode = FALSE
	EndGlobalSection
	GlobalSection(ExtensibilityGlobals) = postSolution
		SolutionGuid = {3CEB57D0-667E-4278-8859-CB4A644E1668}
	EndGlobalSection
EndGlobal
