
Microsoft Visual Studio Solution File, Format Version 12.00
# Visual Studio Version 16
VisualStudioVersion = 16.0.29403.142
MinimumVisualStudioVersion = 10.0.40219.1
Project("{FAE04EC0-301F-11D3-BF4B-00C04F79EFBC}") = "NEW_SERVER", "NEW_SERVER\NEW_SERVER.csproj", "{E719F005-0125-4E99-A1A8-389921419258}"
EndProject
Global
	GlobalSection(SolutionConfigurationPlatforms) = preSolution
		Debug|Any CPU = Debug|Any CPU
		Release|Any CPU = Release|Any CPU
	EndGlobalSection
	GlobalSection(ProjectConfigurationPlatforms) = postSolution
		{E719F005-0125-4E99-A1A8-389921419258}.Debug|Any CPU.ActiveCfg = Debug|Any CPU
		{E719F005-0125-4E99-A1A8-389921419258}.Debug|Any CPU.Build.0 = Debug|Any CPU
		{E719F005-0125-4E99-A1A8-389921419258}.Release|Any CPU.ActiveCfg = Release|Any CPU
		{E719F005-0125-4E99-A1A8-389921419258}.Release|Any CPU.Build.0 = Release|Any CPU
	EndGlobalSection
	GlobalSection(SolutionProperties) = preSolution
		HideSolutionNode = FALSE
	EndGlobalSection
	GlobalSection(ExtensibilityGlobals) = postSolution
		SolutionGuid = {829506E0-CA38-4DFA-8CF2-E5E6D10312A2}
	EndGlobalSection
EndGlobal
