
Microsoft Visual Studio Solution File, Format Version 12.00
# Visual Studio Version 16
VisualStudioVersion = 16.0.29613.14
MinimumVisualStudioVersion = 10.0.40219.1
Project("{888888A0-9F3D-457C-B088-3A5042F75D52}") = "TRY", "TRY\TRY.pyproj", "{09F014A6-57E7-452D-937C-84114CFC7429}"
EndProject
Global
	GlobalSection(SolutionConfigurationPlatforms) = preSolution
		Debug|Any CPU = Debug|Any CPU
		Release|Any CPU = Release|Any CPU
	EndGlobalSection
	GlobalSection(ProjectConfigurationPlatforms) = postSolution
		{09F014A6-57E7-452D-937C-84114CFC7429}.Debug|Any CPU.ActiveCfg = Debug|Any CPU
		{09F014A6-57E7-452D-937C-84114CFC7429}.Release|Any CPU.ActiveCfg = Release|Any CPU
	EndGlobalSection
	GlobalSection(SolutionProperties) = preSolution
		HideSolutionNode = FALSE
	EndGlobalSection
	GlobalSection(ExtensibilityGlobals) = postSolution
		SolutionGuid = {6ECF0B1B-EA28-421A-BD03-D788BE8BAD94}
	EndGlobalSection
EndGlobal
