
Microsoft Visual Studio Solution File, Format Version 12.00
# Visual Studio Version 16
VisualStudioVersion = 16.0.29409.12
MinimumVisualStudioVersion = 10.0.40219.1
Project("{FAE04EC0-301F-11D3-BF4B-00C04F79EFBC}") = "CLIENT", "CLIENT\CLIENT.csproj", "{D6DA2465-6463-4D4A-8331-609A5D03A94A}"
EndProject
Global
	GlobalSection(SolutionConfigurationPlatforms) = preSolution
		Debug|Any CPU = Debug|Any CPU
		Release|Any CPU = Release|Any CPU
	EndGlobalSection
	GlobalSection(ProjectConfigurationPlatforms) = postSolution
		{D6DA2465-6463-4D4A-8331-609A5D03A94A}.Debug|Any CPU.ActiveCfg = Debug|Any CPU
		{D6DA2465-6463-4D4A-8331-609A5D03A94A}.Debug|Any CPU.Build.0 = Debug|Any CPU
		{D6DA2465-6463-4D4A-8331-609A5D03A94A}.Release|Any CPU.ActiveCfg = Release|Any CPU
		{D6DA2465-6463-4D4A-8331-609A5D03A94A}.Release|Any CPU.Build.0 = Release|Any CPU
	EndGlobalSection
	GlobalSection(SolutionProperties) = preSolution
		HideSolutionNode = FALSE
	EndGlobalSection
	GlobalSection(ExtensibilityGlobals) = postSolution
		SolutionGuid = {1A1DC0E1-F8E0-408F-80A8-4C47BF1EC55D}
	EndGlobalSection
EndGlobal
