
Microsoft Visual Studio Solution File, Format Version 12.00
# Visual Studio Version 16
VisualStudioVersion = 16.0.29215.179
MinimumVisualStudioVersion = 10.0.40219.1
Project("{FAE04EC0-301F-11D3-BF4B-00C04F79EFBC}") = "1.4_Crypto(Statistic)", "1.4_Crypto(Statistic)\1.4_Crypto(Statistic).csproj", "{B67E5C1E-07F1-409D-A641-4633C85AF60B}"
EndProject
Global
	GlobalSection(SolutionConfigurationPlatforms) = preSolution
		Debug|Any CPU = Debug|Any CPU
		Release|Any CPU = Release|Any CPU
	EndGlobalSection
	GlobalSection(ProjectConfigurationPlatforms) = postSolution
		{B67E5C1E-07F1-409D-A641-4633C85AF60B}.Debug|Any CPU.ActiveCfg = Debug|Any CPU
		{B67E5C1E-07F1-409D-A641-4633C85AF60B}.Debug|Any CPU.Build.0 = Debug|Any CPU
		{B67E5C1E-07F1-409D-A641-4633C85AF60B}.Release|Any CPU.ActiveCfg = Release|Any CPU
		{B67E5C1E-07F1-409D-A641-4633C85AF60B}.Release|Any CPU.Build.0 = Release|Any CPU
	EndGlobalSection
	GlobalSection(SolutionProperties) = preSolution
		HideSolutionNode = FALSE
	EndGlobalSection
	GlobalSection(ExtensibilityGlobals) = postSolution
		SolutionGuid = {53835B6F-E7F8-4B59-91DE-0F85BDEBEC7B}
	EndGlobalSection
EndGlobal
