
Microsoft Visual Studio Solution File, Format Version 12.00
# Visual Studio Version 16
VisualStudioVersion = 16.0.29215.179
MinimumVisualStudioVersion = 10.0.40219.1
Project("{FAE04EC0-301F-11D3-BF4B-00C04F79EFBC}") = "Task_2", "Task_2\Task_2.csproj", "{30772B76-D71F-4461-81A8-8382DDAD0CEA}"
EndProject
Global
	GlobalSection(SolutionConfigurationPlatforms) = preSolution
		Debug|Any CPU = Debug|Any CPU
		Release|Any CPU = Release|Any CPU
	EndGlobalSection
	GlobalSection(ProjectConfigurationPlatforms) = postSolution
		{30772B76-D71F-4461-81A8-8382DDAD0CEA}.Debug|Any CPU.ActiveCfg = Debug|Any CPU
		{30772B76-D71F-4461-81A8-8382DDAD0CEA}.Debug|Any CPU.Build.0 = Debug|Any CPU
		{30772B76-D71F-4461-81A8-8382DDAD0CEA}.Release|Any CPU.ActiveCfg = Release|Any CPU
		{30772B76-D71F-4461-81A8-8382DDAD0CEA}.Release|Any CPU.Build.0 = Release|Any CPU
	EndGlobalSection
	GlobalSection(SolutionProperties) = preSolution
		HideSolutionNode = FALSE
	EndGlobalSection
	GlobalSection(ExtensibilityGlobals) = postSolution
		SolutionGuid = {6A0B948A-B98B-4804-9C42-FF01706A45DA}
	EndGlobalSection
EndGlobal
