
Microsoft Visual Studio Solution File, Format Version 12.00
# Visual Studio Version 16
VisualStudioVersion = 16.0.29613.14
MinimumVisualStudioVersion = 10.0.40219.1
Project("{888888A0-9F3D-457C-B088-3A5042F75D52}") = "PythonApplication1", "PythonApplication1\PythonApplication1.pyproj", "{7674BAA4-BCB9-4612-8E6F-5AD49583CDAD}"
EndProject
Global
	GlobalSection(SolutionConfigurationPlatforms) = preSolution
		Debug|Any CPU = Debug|Any CPU
		Release|Any CPU = Release|Any CPU
	EndGlobalSection
	GlobalSection(ProjectConfigurationPlatforms) = postSolution
		{7674BAA4-BCB9-4612-8E6F-5AD49583CDAD}.Debug|Any CPU.ActiveCfg = Debug|Any CPU
		{7674BAA4-BCB9-4612-8E6F-5AD49583CDAD}.Release|Any CPU.ActiveCfg = Release|Any CPU
	EndGlobalSection
	GlobalSection(SolutionProperties) = preSolution
		HideSolutionNode = FALSE
	EndGlobalSection
	GlobalSection(ExtensibilityGlobals) = postSolution
		SolutionGuid = {7526221C-B729-431E-89C7-6196756C1AE8}
	EndGlobalSection
EndGlobal
